
Microsoft Visual Studio Solution File, Format Version 12.00
# Visual Studio Version 17
VisualStudioVersion = 17.10.35013.160
MinimumVisualStudioVersion = 10.0.40219.1
Project("{FAE04EC0-301F-11D3-BF4B-00C04F79EFBC}") = "RX.NET.CSharp.API.First", "RX.NET.CSharp.API.First.csproj", "{C3FEFE9A-D5C9-4808-8D9C-B717C95F6D13}"
EndProject
Global
	GlobalSection(SolutionConfigurationPlatforms) = preSolution
		Debug|Any CPU = Debug|Any CPU
		Release|Any CPU = Release|Any CPU
	EndGlobalSection
	GlobalSection(ProjectConfigurationPlatforms) = postSolution
		{C3FEFE9A-D5C9-4808-8D9C-B717C95F6D13}.Debug|Any CPU.ActiveCfg = Debug|Any CPU
		{C3FEFE9A-D5C9-4808-8D9C-B717C95F6D13}.Debug|Any CPU.Build.0 = Debug|Any CPU
		{C3FEFE9A-D5C9-4808-8D9C-B717C95F6D13}.Release|Any CPU.ActiveCfg = Release|Any CPU
		{C3FEFE9A-D5C9-4808-8D9C-B717C95F6D13}.Release|Any CPU.Build.0 = Release|Any CPU
	EndGlobalSection
	GlobalSection(SolutionProperties) = preSolution
		HideSolutionNode = FALSE
	EndGlobalSection
	GlobalSection(ExtensibilityGlobals) = postSolution
		SolutionGuid = {5FE41F8E-308A-4E31-A1EB-A6A92DE45D52}
	EndGlobalSection
EndGlobal
